// !$*UTF8*$!
{
	archiveVersion = 1;
	classes = {
	};
	objectVersion = 77;
	objects = {

/* Begin PBXBuildFile section */
		1BB453442F42919100F641AE /* Fabric in Frameworks */ = {isa = PBXBuildFile; productRef = 1BB453432F42919100F641AE /* Fabric */; };
		1BE00A5D2DC936A50061EAFD /* CoreFoundation.framework in Frameworks */ = {isa = PBXBuildFile; fileRef = 1BE00A5B2DC936A50061EAFD /* CoreFoundation.framework */; };
		1BE00A5E2DC936A50061EAFD /* Foundation.framework in Frameworks */ = {isa = PBXBuildFile; fileRef = 1BE00A5C2DC936A50061EAFD /* Foundation.framework */; };
		1BE00A612DC936AC0061EAFD /* MetalKit.framework in Frameworks */ = {isa = PBXBuildFile; fileRef = 1BE00A5F2DC936AC0061EAFD /* MetalKit.framework */; };
		1BE00A622DC936AC0061EAFD /* Metal.framework in Frameworks */ = {isa = PBXBuildFile; fileRef = 1BE00A602DC936AC0061EAFD /* Metal.framework */; };
		1BFD79232F367C6E00F84067 /* Fabric in Frameworks */ = {isa = PBXBuildFile; productRef = 1BFD79222F367C6E00F84067 /* Fabric */; };
		1BFD79262F367D4F00F84067 /* Sparkle in Frameworks */ = {isa = PBXBuildFile; productRef = 1BFD79252F367D4F00F84067 /* Sparkle */; };
		2A1B00012F50000100AAA001 /* MCP in Frameworks */ = {isa = PBXBuildFile; productRef = 2A1B00032F50000100AAA001 /* MCP */; };
/* End PBXBuildFile section */

/* Begin PBXCopyFilesBuildPhase section */
		1BE00A582DC935C80061EAFD /* Embed Frameworks */ = {
			isa = PBXCopyFilesBuildPhase;
			buildActionMask = 2147483647;
			dstPath = "";
			dstSubfolderSpec = 10;
			files = (
			);
			name = "Embed Frameworks";
			runOnlyForDeploymentPostprocessing = 0;
		};
/* End PBXCopyFilesBuildPhase section */

/* Begin PBXFileReference section */
		1BB12B332E0234FC0075C276 /* Foundation.framework */ = {isa = PBXFileReference; lastKnownFileType = wrapper.framework; name = Foundation.framework; path = Platforms/iPhoneOS.platform/Developer/SDKs/iPhoneOS18.4.sdk/System/Library/Frameworks/Foundation.framework; sourceTree = DEVELOPER_DIR; };
		1BB12B342E0234FC0075C276 /* AVFoundation.framework */ = {isa = PBXFileReference; lastKnownFileType = wrapper.framework; name = AVFoundation.framework; path = Platforms/iPhoneOS.platform/Developer/SDKs/iPhoneOS18.4.sdk/System/Library/Frameworks/AVFoundation.framework; sourceTree = DEVELOPER_DIR; };
		1BB12B352E0234FC0075C276 /* CoreFoundation.framework */ = {isa = PBXFileReference; lastKnownFileType = wrapper.framework; name = CoreFoundation.framework; path = Platforms/iPhoneOS.platform/Developer/SDKs/iPhoneOS18.4.sdk/System/Library/Frameworks/CoreFoundation.framework; sourceTree = DEVELOPER_DIR; };
		1BB12B412E0251B20075C276 /* libswiftObjectiveC.tbd */ = {isa = PBXFileReference; lastKnownFileType = "sourcecode.text-based-dylib-definition"; name = libswiftObjectiveC.tbd; path = Platforms/iPhoneOS.platform/Developer/SDKs/iPhoneOS18.4.sdk/usr/lib/swift/libswiftObjectiveC.tbd; sourceTree = DEVELOPER_DIR; };
		1BB12B422E0251BE0075C276 /* libobjc.tbd */ = {isa = PBXFileReference; lastKnownFileType = "sourcecode.text-based-dylib-definition"; name = libobjc.tbd; path = Platforms/iPhoneOS.platform/Developer/SDKs/iPhoneOS18.4.sdk/usr/lib/libobjc.tbd; sourceTree = DEVELOPER_DIR; };
		1BB12B472E0267420075C276 /* Accelerate.framework */ = {isa = PBXFileReference; lastKnownFileType = wrapper.framework; name = Accelerate.framework; path = Platforms/iPhoneOS.platform/Developer/SDKs/iPhoneOS18.4.sdk/System/Library/Frameworks/Accelerate.framework; sourceTree = DEVELOPER_DIR; };
		1BD9EE242EF2004E0075D951 /* MetalFX.framework */ = {isa = PBXFileReference; lastKnownFileType = wrapper.framework; name = MetalFX.framework; path = Platforms/iPhoneOS.platform/Developer/SDKs/iPhoneOS26.1.sdk/System/Library/Frameworks/MetalFX.framework; sourceTree = DEVELOPER_DIR; };
		1BE007222DBB1FBC0061EAFD /* Fabric Editor.app */ = {isa = PBXFileReference; explicitFileType = wrapper.application; includeInIndex = 0; path = "Fabric Editor.app"; sourceTree = BUILT_PRODUCTS_DIR; };
		1BE00A5B2DC936A50061EAFD /* CoreFoundation.framework */ = {isa = PBXFileReference; lastKnownFileType = wrapper.framework; name = CoreFoundation.framework; path = System/Library/Frameworks/CoreFoundation.framework; sourceTree = SDKROOT; };
		1BE00A5C2DC936A50061EAFD /* Foundation.framework */ = {isa = PBXFileReference; lastKnownFileType = wrapper.framework; name = Foundation.framework; path = System/Library/Frameworks/Foundation.framework; sourceTree = SDKROOT; };
		1BE00A5F2DC936AC0061EAFD /* MetalKit.framework */ = {isa = PBXFileReference; lastKnownFileType = wrapper.framework; name = MetalKit.framework; path = System/Library/Frameworks/MetalKit.framework; sourceTree = SDKROOT; };
		1BE00A602DC936AC0061EAFD /* Metal.framework */ = {isa = PBXFileReference; lastKnownFileType = wrapper.framework; name = Metal.framework; path = System/Library/Frameworks/Metal.framework; sourceTree = SDKROOT; };
/* End PBXFileReference section */

/* Begin PBXFileSystemSynchronizedBuildFileExceptionSet section */
		1BE007322DBB1FBD0061EAFD /* Exceptions for "Fabric Editor" folder in "Fabric Editor" target */ = {
			isa = PBXFileSystemSynchronizedBuildFileExceptionSet;
			membershipExceptions = (
				Info.plist,
			);
			target = 1BE007212DBB1FBC0061EAFD /* Fabric Editor */;
		};
/* End PBXFileSystemSynchronizedBuildFileExceptionSet section */

/* Begin PBXFileSystemSynchronizedRootGroup section */
		1BE007242DBB1FBC0061EAFD /* Fabric Editor */ = {
			isa = PBXFileSystemSynchronizedRootGroup;
			exceptions = (
				1BE007322DBB1FBD0061EAFD /* Exceptions for "Fabric Editor" folder in "Fabric Editor" target */,
			);
			path = "Fabric Editor";
			sourceTree = "<group>";
		};
/* End PBXFileSystemSynchronizedRootGroup section */

/* Begin PBXFrameworksBuildPhase section */
		1BE0071F2DBB1FBC0061EAFD /* Frameworks */ = {
			isa = PBXFrameworksBuildPhase;
			buildActionMask = 2147483647;
			files = (
				1BFD79232F367C6E00F84067 /* Fabric in Frameworks */,
				2A1B00012F50000100AAA001 /* MCP in Frameworks */,
				1BE00A5D2DC936A50061EAFD /* CoreFoundation.framework in Frameworks */,
				1BB453442F42919100F641AE /* Fabric in Frameworks */,
				1BE00A612DC936AC0061EAFD /* MetalKit.framework in Frameworks */,
				1BFD79262F367D4F00F84067 /* Sparkle in Frameworks */,
				1BE00A622DC936AC0061EAFD /* Metal.framework in Frameworks */,
				1BE00A5E2DC936A50061EAFD /* Foundation.framework in Frameworks */,
			);
			runOnlyForDeploymentPostprocessing = 0;
		};
/* End PBXFrameworksBuildPhase section */

/* Begin PBXGroup section */
		1BE007192DBB1FBC0061EAFD = {
			isa = PBXGroup;
			children = (
				1BE007242DBB1FBC0061EAFD /* Fabric Editor */,
				1BE007602DBC37CE0061EAFD /* Frameworks */,
				1BE007232DBB1FBC0061EAFD /* Products */,
			);
			sourceTree = "<group>";
		};
		1BE007232DBB1FBC0061EAFD /* Products */ = {
			isa = PBXGroup;
			children = (
				1BE007222DBB1FBC0061EAFD /* Fabric Editor.app */,
			);
			name = Products;
			sourceTree = "<group>";
		};
		1BE007602DBC37CE0061EAFD /* Frameworks */ = {
			isa = PBXGroup;
			children = (
				1BD9EE242EF2004E0075D951 /* MetalFX.framework */,
				1BB12B472E0267420075C276 /* Accelerate.framework */,
				1BB12B422E0251BE0075C276 /* libobjc.tbd */,
				1BB12B412E0251B20075C276 /* libswiftObjectiveC.tbd */,
				1BB12B342E0234FC0075C276 /* AVFoundation.framework */,
				1BB12B352E0234FC0075C276 /* CoreFoundation.framework */,
				1BB12B332E0234FC0075C276 /* Foundation.framework */,
				1BE00A602DC936AC0061EAFD /* Metal.framework */,
				1BE00A5F2DC936AC0061EAFD /* MetalKit.framework */,
				1BE00A5B2DC936A50061EAFD /* CoreFoundation.framework */,
				1BE00A5C2DC936A50061EAFD /* Foundation.framework */,
			);
			name = Frameworks;
			sourceTree = "<group>";
		};
/* End PBXGroup section */

/* Begin PBXNativeTarget section */
		1BE007212DBB1FBC0061EAFD /* Fabric Editor */ = {
			isa = PBXNativeTarget;
			buildConfigurationList = 1BE007332DBB1FBD0061EAFD /* Build configuration list for PBXNativeTarget "Fabric Editor" */;
			buildPhases = (
				1BE0071E2DBB1FBC0061EAFD /* Sources */,
				1BE0071F2DBB1FBC0061EAFD /* Frameworks */,
				1BE007202DBB1FBC0061EAFD /* Resources */,
				1BE00A582DC935C80061EAFD /* Embed Frameworks */,
			);
			buildRules = (
			);
			dependencies = (
			);
			fileSystemSynchronizedGroups = (
				1BE007242DBB1FBC0061EAFD /* Fabric Editor */,
			);
			name = "Fabric Editor";
			packageProductDependencies = (
				1BFD79222F367C6E00F84067 /* Fabric */,
				1BFD79252F367D4F00F84067 /* Sparkle */,
				1BB453432F42919100F641AE /* Fabric */,
				2A1B00032F50000100AAA001 /* MCP */,
			);
			productName = Fabric;
			productReference = 1BE007222DBB1FBC0061EAFD /* Fabric Editor.app */;
			productType = "com.apple.product-type.application";
		};
/* End PBXNativeTarget section */

/* Begin PBXProject section */
		1BE0071A2DBB1FBC0061EAFD /* Project object */ = {
			isa = PBXProject;
			attributes = {
				BuildIndependentTargetsInParallel = 1;
				LastSwiftUpdateCheck = 1630;
				LastUpgradeCheck = 1630;
				TargetAttributes = {
					1BE007212DBB1FBC0061EAFD = {
						CreatedOnToolsVersion = 16.0;
						LastSwiftMigration = 1630;
					};
				};
			};
			buildConfigurationList = 1BE0071D2DBB1FBC0061EAFD /* Build configuration list for PBXProject "Fabric" */;
			developmentRegion = en;
			hasScannedForEncodings = 0;
			knownRegions = (
				en,
				Base,
			);
			mainGroup = 1BE007192DBB1FBC0061EAFD;
			minimizedProjectReferenceProxies = 1;
			packageReferences = (
				1BFD79242F367D4F00F84067 /* XCRemoteSwiftPackageReference "Sparkle" */,
				1BB453422F42919100F641AE /* XCLocalSwiftPackageReference "../Fabric" */,
				2A1B00022F50000100AAA001 /* XCRemoteSwiftPackageReference "swift-sdk" */,
			);
			preferredProjectObjectVersion = 77;
			productRefGroup = 1BE007232DBB1FBC0061EAFD /* Products */;
			projectDirPath = "";
			projectRoot = "";
			targets = (
				1BE007212DBB1FBC0061EAFD /* Fabric Editor */,
			);
		};
/* End PBXProject section */

/* Begin PBXResourcesBuildPhase section */
		1BE007202DBB1FBC0061EAFD /* Resources */ = {
			isa = PBXResourcesBuildPhase;
			buildActionMask = 2147483647;
			files = (
			);
			runOnlyForDeploymentPostprocessing = 0;
		};
/* End PBXResourcesBuildPhase section */

/* Begin PBXSourcesBuildPhase section */
		1BE0071E2DBB1FBC0061EAFD /* Sources */ = {
			isa = PBXSourcesBuildPhase;
			buildActionMask = 2147483647;
			files = (
			);
			runOnlyForDeploymentPostprocessing = 0;
		};
/* End PBXSourcesBuildPhase section */

/* Begin XCBuildConfiguration section */
		1BE007342DBB1FBD0061EAFD /* Debug */ = {
			isa = XCBuildConfiguration;
			buildSettings = {
				ASSETCATALOG_COMPILER_APPICON_NAME = AppIcon;
				ASSETCATALOG_COMPILER_GLOBAL_ACCENT_COLOR_NAME = AccentColor;
				ASSETCATALOG_COMPILER_INCLUDE_ALL_APPICON_ASSETS = NO;
				CLANG_CXX_LANGUAGE_STANDARD = "gnu++20";
				CLANG_ENABLE_MODULES = YES;
				CODE_SIGN_ENTITLEMENTS = "Fabric Editor/Fabric.entitlements";
				"CODE_SIGN_IDENTITY[sdk=macosx*]" = "Apple Development";
				CODE_SIGN_STYLE = Automatic;
				COMBINE_HIDPI_IMAGES = YES;
				CURRENT_PROJECT_VERSION = 12;
				DEAD_CODE_STRIPPING = YES;
				DEBUG_VIEW = TRUE;
				DEVELOPMENT_ASSET_PATHS = "\"Fabric Editor/Preview Content\"";
				DEVELOPMENT_TEAM = SHG3AW6YV7;
				ENABLE_HARDENED_RUNTIME = YES;
				ENABLE_PREVIEWS = YES;
				GENERATE_INFOPLIST_FILE = YES;
				INFOPLIST_FILE = "Fabric Editor/Info.plist";
				INFOPLIST_KEY_LSApplicationCategoryType = "public.app-category.graphics-design";
				INFOPLIST_KEY_NSBluetoothAlwaysUsageDescription = "Fabric uses Bluetooth to connect to HID devices like game controllers";
				INFOPLIST_KEY_NSCameraUsageDescription = "Camera Effects";
				INFOPLIST_KEY_NSHumanReadableCopyright = "";
				INFOPLIST_KEY_NSLocalNetworkUsageDescription = "MCP Tool usage";
				INFOPLIST_KEY_NSMicrophoneUsageDescription = "Microphone Effects";
				LD_RUNPATH_SEARCH_PATHS = (
					"$(inherited)",
					"@executable_path/../Frameworks",
					"@executable_path/../Frameworks/Fabric.framework/Frameworks",
				);
				MACOSX_DEPLOYMENT_TARGET = 15.6;
				MARKETING_VERSION = 0.0.11;
				OTHER_CODE_SIGN_FLAGS = "--deep";
				PRODUCT_BUNDLE_IDENTIFIER = "io.hi-rez.Fabric";
				PRODUCT_NAME = "$(TARGET_NAME)";
				SWIFT_EMIT_LOC_STRINGS = YES;
				SWIFT_OBJC_BRIDGING_HEADER = "Fabric Editor/Views/Fabric-Editor-Bridging-Header.h";
				SWIFT_OPTIMIZATION_LEVEL = "-Onone";
				SWIFT_VERSION = 5.0;
			};
			name = Debug;
		};
		1BE007352DBB1FBD0061EAFD /* Release */ = {
			isa = XCBuildConfiguration;
			buildSettings = {
				ASSETCATALOG_COMPILER_APPICON_NAME = AppIcon;
				ASSETCATALOG_COMPILER_GLOBAL_ACCENT_COLOR_NAME = AccentColor;
				ASSETCATALOG_COMPILER_INCLUDE_ALL_APPICON_ASSETS = NO;
				CLANG_CXX_LANGUAGE_STANDARD = "gnu++20";
				CLANG_ENABLE_MODULES = YES;
				CODE_SIGN_ENTITLEMENTS = "Fabric Editor/Fabric.entitlements";
				"CODE_SIGN_IDENTITY[sdk=macosx*]" = "Apple Development";
				CODE_SIGN_STYLE = Automatic;
				COMBINE_HIDPI_IMAGES = YES;
				CURRENT_PROJECT_VERSION = 12;
				DEAD_CODE_STRIPPING = YES;
				DEBUG_VIEW = TRUE;
				DEVELOPMENT_ASSET_PATHS = "\"Fabric Editor/Preview Content\"";
				DEVELOPMENT_TEAM = SHG3AW6YV7;
				ENABLE_HARDENED_RUNTIME = YES;
				ENABLE_PREVIEWS = YES;
				GENERATE_INFOPLIST_FILE = YES;
				INFOPLIST_FILE = "Fabric Editor/Info.plist";
				INFOPLIST_KEY_LSApplicationCategoryType = "public.app-category.graphics-design";
				INFOPLIST_KEY_NSBluetoothAlwaysUsageDescription = "Fabric uses Bluetooth to connect to HID devices like game controllers";
				INFOPLIST_KEY_NSCameraUsageDescription = "Camera Effects";
				INFOPLIST_KEY_NSHumanReadableCopyright = "";
				INFOPLIST_KEY_NSLocalNetworkUsageDescription = "MCP Tool usage";
				INFOPLIST_KEY_NSMicrophoneUsageDescription = "Microphone Effects";
				LD_RUNPATH_SEARCH_PATHS = (
					"$(inherited)",
					"@executable_path/../Frameworks",
					"@executable_path/../Frameworks/Fabric.framework/Frameworks",
				);
				MACOSX_DEPLOYMENT_TARGET = 15.6;
				MARKETING_VERSION = 0.0.11;
				OTHER_CODE_SIGN_FLAGS = "--deep";
				PRODUCT_BUNDLE_IDENTIFIER = "io.hi-rez.Fabric";
				PRODUCT_NAME = "$(TARGET_NAME)";
				SWIFT_EMIT_LOC_STRINGS = YES;
				SWIFT_OBJC_BRIDGING_HEADER = "Fabric Editor/Views/Fabric-Editor-Bridging-Header.h";
				SWIFT_VERSION = 5.0;
			};
			name = Release;
		};
		1BE007362DBB1FBD0061EAFD /* Debug */ = {
			isa = XCBuildConfiguration;
			buildSettings = {
				ALWAYS_SEARCH_USER_PATHS = NO;
				ASSETCATALOG_COMPILER_GENERATE_SWIFT_ASSET_SYMBOL_EXTENSIONS = YES;
				CLANG_ANALYZER_NONNULL = YES;
				CLANG_ANALYZER_NUMBER_OBJECT_CONVERSION = YES_AGGRESSIVE;
				CLANG_CXX_LANGUAGE_STANDARD = "gnu++20";
				CLANG_ENABLE_MODULES = YES;
				CLANG_ENABLE_OBJC_ARC = YES;
				CLANG_ENABLE_OBJC_WEAK = YES;
				CLANG_WARN_BLOCK_CAPTURE_AUTORELEASING = YES;
				CLANG_WARN_BOOL_CONVERSION = YES;
				CLANG_WARN_COMMA = YES;
				CLANG_WARN_CONSTANT_CONVERSION = YES;
				CLANG_WARN_DEPRECATED_OBJC_IMPLEMENTATIONS = YES;
				CLANG_WARN_DIRECT_OBJC_ISA_USAGE = YES_ERROR;
				CLANG_WARN_DOCUMENTATION_COMMENTS = YES;
				CLANG_WARN_EMPTY_BODY = YES;
				CLANG_WARN_ENUM_CONVERSION = YES;
				CLANG_WARN_INFINITE_RECURSION = YES;
				CLANG_WARN_INT_CONVERSION = YES;
				CLANG_WARN_NON_LITERAL_NULL_CONVERSION = YES;
				CLANG_WARN_OBJC_IMPLICIT_RETAIN_SELF = YES;
				CLANG_WARN_OBJC_LITERAL_CONVERSION = YES;
				CLANG_WARN_OBJC_ROOT_CLASS = YES_ERROR;
				CLANG_WARN_QUOTED_INCLUDE_IN_FRAMEWORK_HEADER = YES;
				CLANG_WARN_RANGE_LOOP_ANALYSIS = YES;
				CLANG_WARN_STRICT_PROTOTYPES = YES;
				CLANG_WARN_SUSPICIOUS_MOVE = YES;
				CLANG_WARN_UNGUARDED_AVAILABILITY = YES_AGGRESSIVE;
				CLANG_WARN_UNREACHABLE_CODE = YES;
				CLANG_WARN__DUPLICATE_METHOD_MATCH = YES;
				COPY_PHASE_STRIP = NO;
				DEAD_CODE_STRIPPING = YES;
				DEBUG_INFORMATION_FORMAT = dwarf;
				ENABLE_STRICT_OBJC_MSGSEND = YES;
				ENABLE_TESTABILITY = YES;
				ENABLE_USER_SCRIPT_SANDBOXING = YES;
				GCC_C_LANGUAGE_STANDARD = gnu17;
				GCC_DYNAMIC_NO_PIC = NO;
				GCC_NO_COMMON_BLOCKS = YES;
				GCC_OPTIMIZATION_LEVEL = 0;
				GCC_PREPROCESSOR_DEFINITIONS = (
					"DEBUG=1",
					"$(inherited)",
				);
				GCC_WARN_64_TO_32_BIT_CONVERSION = YES;
				GCC_WARN_ABOUT_RETURN_TYPE = YES_ERROR;
				GCC_WARN_UNDECLARED_SELECTOR = YES;
				GCC_WARN_UNINITIALIZED_AUTOS = YES_AGGRESSIVE;
				GCC_WARN_UNUSED_FUNCTION = YES;
				GCC_WARN_UNUSED_VARIABLE = YES;
				LOCALIZATION_PREFERS_STRING_CATALOGS = YES;
				MACOSX_DEPLOYMENT_TARGET = 15.0;
				MTL_ENABLE_DEBUG_INFO = INCLUDE_SOURCE;
				MTL_FAST_MATH = YES;
				ONLY_ACTIVE_ARCH = YES;
				SDKROOT = macosx;
				SWIFT_ACTIVE_COMPILATION_CONDITIONS = "DEBUG $(inherited)";
				SWIFT_OPTIMIZATION_LEVEL = "-Onone";
			};
			name = Debug;
		};
		1BE007372DBB1FBD0061EAFD /* Release */ = {
			isa = XCBuildConfiguration;
			buildSettings = {
				ALWAYS_SEARCH_USER_PATHS = NO;
				ASSETCATALOG_COMPILER_GENERATE_SWIFT_ASSET_SYMBOL_EXTENSIONS = YES;
				CLANG_ANALYZER_NONNULL = YES;
				CLANG_ANALYZER_NUMBER_OBJECT_CONVERSION = YES_AGGRESSIVE;
				CLANG_CXX_LANGUAGE_STANDARD = "gnu++20";
				CLANG_ENABLE_MODULES = YES;
				CLANG_ENABLE_OBJC_ARC = YES;
				CLANG_ENABLE_OBJC_WEAK = YES;
				CLANG_WARN_BLOCK_CAPTURE_AUTORELEASING = YES;
				CLANG_WARN_BOOL_CONVERSION = YES;
				CLANG_WARN_COMMA = YES;
				CLANG_WARN_CONSTANT_CONVERSION = YES;
				CLANG_WARN_DEPRECATED_OBJC_IMPLEMENTATIONS = YES;
				CLANG_WARN_DIRECT_OBJC_ISA_USAGE = YES_ERROR;
				CLANG_WARN_DOCUMENTATION_COMMENTS = YES;
				CLANG_WARN_EMPTY_BODY = YES;
				CLANG_WARN_ENUM_CONVERSION = YES;
				CLANG_WARN_INFINITE_RECURSION = YES;
				CLANG_WARN_INT_CONVERSION = YES;
				CLANG_WARN_NON_LITERAL_NULL_CONVERSION = YES;
				CLANG_WARN_OBJC_IMPLICIT_RETAIN_SELF = YES;
				CLANG_WARN_OBJC_LITERAL_CONVERSION = YES;
				CLANG_WARN_OBJC_ROOT_CLASS = YES_ERROR;
				CLANG_WARN_QUOTED_INCLUDE_IN_FRAMEWORK_HEADER = YES;
				CLANG_WARN_RANGE_LOOP_ANALYSIS = YES;
				CLANG_WARN_STRICT_PROTOTYPES = YES;
				CLANG_WARN_SUSPICIOUS_MOVE = YES;
				CLANG_WARN_UNGUARDED_AVAILABILITY = YES_AGGRESSIVE;
				CLANG_WARN_UNREACHABLE_CODE = YES;
				CLANG_WARN__DUPLICATE_METHOD_MATCH = YES;
				COPY_PHASE_STRIP = NO;
				DEAD_CODE_STRIPPING = YES;
				DEBUG_INFORMATION_FORMAT = "dwarf-with-dsym";
				ENABLE_NS_ASSERTIONS = NO;
				ENABLE_STRICT_OBJC_MSGSEND = YES;
				ENABLE_USER_SCRIPT_SANDBOXING = YES;
				GCC_C_LANGUAGE_STANDARD = gnu17;
				GCC_NO_COMMON_BLOCKS = YES;
				GCC_WARN_64_TO_32_BIT_CONVERSION = YES;
				GCC_WARN_ABOUT_RETURN_TYPE = YES_ERROR;
				GCC_WARN_UNDECLARED_SELECTOR = YES;
				GCC_WARN_UNINITIALIZED_AUTOS = YES_AGGRESSIVE;
				GCC_WARN_UNUSED_FUNCTION = YES;
				GCC_WARN_UNUSED_VARIABLE = YES;
				LOCALIZATION_PREFERS_STRING_CATALOGS = YES;
				MACOSX_DEPLOYMENT_TARGET = 15.0;
				MTL_ENABLE_DEBUG_INFO = NO;
				MTL_FAST_MATH = YES;
				SDKROOT = macosx;
				SWIFT_COMPILATION_MODE = wholemodule;
			};
			name = Release;
		};
/* End XCBuildConfiguration section */

/* Begin XCConfigurationList section */
		1BE0071D2DBB1FBC0061EAFD /* Build configuration list for PBXProject "Fabric" */ = {
			isa = XCConfigurationList;
			buildConfigurations = (
				1BE007362DBB1FBD0061EAFD /* Debug */,
				1BE007372DBB1FBD0061EAFD /* Release */,
			);
			defaultConfigurationIsVisible = 0;
			defaultConfigurationName = Release;
		};
		1BE007332DBB1FBD0061EAFD /* Build configuration list for PBXNativeTarget "Fabric Editor" */ = {
			isa = XCConfigurationList;
			buildConfigurations = (
				1BE007342DBB1FBD0061EAFD /* Debug */,
				1BE007352DBB1FBD0061EAFD /* Release */,
			);
			defaultConfigurationIsVisible = 0;
			defaultConfigurationName = Release;
		};
/* End XCConfigurationList section */

/* Begin XCLocalSwiftPackageReference section */
		1BB453422F42919100F641AE /* XCLocalSwiftPackageReference "../Fabric" */ = {
			isa = XCLocalSwiftPackageReference;
			relativePath = ../Fabric;
		};
/* End XCLocalSwiftPackageReference section */

/* Begin XCRemoteSwiftPackageReference section */
		1BFD79242F367D4F00F84067 /* XCRemoteSwiftPackageReference "Sparkle" */ = {
			isa = XCRemoteSwiftPackageReference;
			repositoryURL = "https://github.com/sparkle-project/Sparkle";
			requirement = {
				kind = upToNextMajorVersion;
				minimumVersion = 2.8.1;
			};
		};
		2A1B00022F50000100AAA001 /* XCRemoteSwiftPackageReference "swift-sdk" */ = {
			isa = XCRemoteSwiftPackageReference;
			repositoryURL = "https://github.com/modelcontextprotocol/swift-sdk.git";
			requirement = {
				kind = upToNextMajorVersion;
				minimumVersion = 0.11.0;
			};
		};
/* End XCRemoteSwiftPackageReference section */

/* Begin XCSwiftPackageProductDependency section */
		1BB453432F42919100F641AE /* Fabric */ = {
			isa = XCSwiftPackageProductDependency;
			productName = Fabric;
		};
		1BFD79222F367C6E00F84067 /* Fabric */ = {
			isa = XCSwiftPackageProductDependency;
			productName = Fabric;
		};
		1BFD79252F367D4F00F84067 /* Sparkle */ = {
			isa = XCSwiftPackageProductDependency;
			package = 1BFD79242F367D4F00F84067 /* XCRemoteSwiftPackageReference "Sparkle" */;
			productName = Sparkle;
		};
		2A1B00032F50000100AAA001 /* MCP */ = {
			isa = XCSwiftPackageProductDependency;
			package = 2A1B00022F50000100AAA001 /* XCRemoteSwiftPackageReference "swift-sdk" */;
			productName = MCP;
		};
/* End XCSwiftPackageProductDependency section */
	};
	rootObject = 1BE0071A2DBB1FBC0061EAFD /* Project object */;
}
