// !$*UTF8*$!
{
	archiveVersion = 1;
	classes = {
	};
	objectVersion = 77;
	objects = {

/* Begin PBXBuildFile section */
		1BE008E12DC1DEF80061EAFD /* AnyCodable in Frameworks */ = {isa = PBXBuildFile; productRef = 1BE008E02DC1DEF80061EAFD /* AnyCodable */; };
		1BE00A562DC935C70061EAFD /* Satin.framework in Frameworks */ = {isa = PBXBuildFile; fileRef = 1BE00A532DC935C00061EAFD /* Satin.framework */; };
		1BE00A572DC935C70061EAFD /* Satin.framework in Embed Frameworks */ = {isa = PBXBuildFile; fileRef = 1BE00A532DC935C00061EAFD /* Satin.framework */; settings = {ATTRIBUTES = (CodeSignOnCopy, RemoveHeadersOnCopy, ); }; };
		1BE00A5D2DC936A50061EAFD /* CoreFoundation.framework in Frameworks */ = {isa = PBXBuildFile; fileRef = 1BE00A5B2DC936A50061EAFD /* CoreFoundation.framework */; };
		1BE00A5E2DC936A50061EAFD /* Foundation.framework in Frameworks */ = {isa = PBXBuildFile; fileRef = 1BE00A5C2DC936A50061EAFD /* Foundation.framework */; };
		1BE00A612DC936AC0061EAFD /* MetalKit.framework in Frameworks */ = {isa = PBXBuildFile; fileRef = 1BE00A5F2DC936AC0061EAFD /* MetalKit.framework */; };
		1BE00A622DC936AC0061EAFD /* Metal.framework in Frameworks */ = {isa = PBXBuildFile; fileRef = 1BE00A602DC936AC0061EAFD /* Metal.framework */; };
/* End PBXBuildFile section */

/* Begin PBXContainerItemProxy section */
		1BE00A522DC935C00061EAFD /* PBXContainerItemProxy */ = {
			isa = PBXContainerItemProxy;
			containerPortal = 1BE009A92DC935A50061EAFD /* Satin.xcodeproj */;
			proxyType = 2;
			remoteGlobalIDString = 66D7DD332C06A23000B5A6C8;
			remoteInfo = Satin;
		};
		1BE00A592DC9364F0061EAFD /* PBXContainerItemProxy */ = {
			isa = PBXContainerItemProxy;
			containerPortal = 1BE009A92DC935A50061EAFD /* Satin.xcodeproj */;
			proxyType = 1;
			remoteGlobalIDString = 66D7DD322C06A23000B5A6C8;
			remoteInfo = Satin;
		};
/* End PBXContainerItemProxy section */

/* Begin PBXCopyFilesBuildPhase section */
		1BE00A582DC935C80061EAFD /* Embed Frameworks */ = {
			isa = PBXCopyFilesBuildPhase;
			buildActionMask = 2147483647;
			dstPath = "";
			dstSubfolderSpec = 10;
			files = (
				1BE00A572DC935C70061EAFD /* Satin.framework in Embed Frameworks */,
			);
			name = "Embed Frameworks";
			runOnlyForDeploymentPostprocessing = 0;
		};
/* End PBXCopyFilesBuildPhase section */

/* Begin PBXFileReference section */
		1BE007222DBB1FBC0061EAFD /* Fabric.app */ = {isa = PBXFileReference; explicitFileType = wrapper.application; includeInIndex = 0; path = Fabric.app; sourceTree = BUILT_PRODUCTS_DIR; };
		1BE009A92DC935A50061EAFD /* Satin.xcodeproj */ = {isa = PBXFileReference; lastKnownFileType = "wrapper.pb-project"; name = Satin.xcodeproj; path = ../Satin/Satin.xcodeproj; sourceTree = SOURCE_ROOT; };
		1BE00A5B2DC936A50061EAFD /* CoreFoundation.framework */ = {isa = PBXFileReference; lastKnownFileType = wrapper.framework; name = CoreFoundation.framework; path = System/Library/Frameworks/CoreFoundation.framework; sourceTree = SDKROOT; };
		1BE00A5C2DC936A50061EAFD /* Foundation.framework */ = {isa = PBXFileReference; lastKnownFileType = wrapper.framework; name = Foundation.framework; path = System/Library/Frameworks/Foundation.framework; sourceTree = SDKROOT; };
		1BE00A5F2DC936AC0061EAFD /* MetalKit.framework */ = {isa = PBXFileReference; lastKnownFileType = wrapper.framework; name = MetalKit.framework; path = System/Library/Frameworks/MetalKit.framework; sourceTree = SDKROOT; };
		1BE00A602DC936AC0061EAFD /* Metal.framework */ = {isa = PBXFileReference; lastKnownFileType = wrapper.framework; name = Metal.framework; path = System/Library/Frameworks/Metal.framework; sourceTree = SDKROOT; };
/* End PBXFileReference section */

/* Begin PBXFileSystemSynchronizedBuildFileExceptionSet section */
		1BE007322DBB1FBD0061EAFD /* Exceptions for "Fabric" folder in "Fabric" target */ = {
			isa = PBXFileSystemSynchronizedBuildFileExceptionSet;
			membershipExceptions = (
				Info.plist,
				Nodes/Parameters/Quaternion/MakeQuaternionNode.swift,
				Views/Nodes/NodeConnectionView.swift,
			);
			target = 1BE007212DBB1FBC0061EAFD /* Fabric */;
		};
/* End PBXFileSystemSynchronizedBuildFileExceptionSet section */

/* Begin PBXFileSystemSynchronizedRootGroup section */
		1BE007242DBB1FBC0061EAFD /* Fabric */ = {
			isa = PBXFileSystemSynchronizedRootGroup;
			exceptions = (
				1BE007322DBB1FBD0061EAFD /* Exceptions for "Fabric" folder in "Fabric" target */,
			);
			path = Fabric;
			sourceTree = "<group>";
		};
/* End PBXFileSystemSynchronizedRootGroup section */

/* Begin PBXFrameworksBuildPhase section */
		1BE0071F2DBB1FBC0061EAFD /* Frameworks */ = {
			isa = PBXFrameworksBuildPhase;
			buildActionMask = 2147483647;
			files = (
				1BE00A562DC935C70061EAFD /* Satin.framework in Frameworks */,
				1BE008E12DC1DEF80061EAFD /* AnyCodable in Frameworks */,
				1BE00A5D2DC936A50061EAFD /* CoreFoundation.framework in Frameworks */,
				1BE00A612DC936AC0061EAFD /* MetalKit.framework in Frameworks */,
				1BE00A622DC936AC0061EAFD /* Metal.framework in Frameworks */,
				1BE00A5E2DC936A50061EAFD /* Foundation.framework in Frameworks */,
			);
			runOnlyForDeploymentPostprocessing = 0;
		};
/* End PBXFrameworksBuildPhase section */

/* Begin PBXGroup section */
		1BE007192DBB1FBC0061EAFD = {
			isa = PBXGroup;
			children = (
				1BE009A92DC935A50061EAFD /* Satin.xcodeproj */,
				1BE007242DBB1FBC0061EAFD /* Fabric */,
				1BE007602DBC37CE0061EAFD /* Frameworks */,
				1BE007232DBB1FBC0061EAFD /* Products */,
			);
			sourceTree = "<group>";
		};
		1BE007232DBB1FBC0061EAFD /* Products */ = {
			isa = PBXGroup;
			children = (
				1BE007222DBB1FBC0061EAFD /* Fabric.app */,
			);
			name = Products;
			sourceTree = "<group>";
		};
		1BE007602DBC37CE0061EAFD /* Frameworks */ = {
			isa = PBXGroup;
			children = (
				1BE00A602DC936AC0061EAFD /* Metal.framework */,
				1BE00A5F2DC936AC0061EAFD /* MetalKit.framework */,
				1BE00A5B2DC936A50061EAFD /* CoreFoundation.framework */,
				1BE00A5C2DC936A50061EAFD /* Foundation.framework */,
			);
			name = Frameworks;
			sourceTree = "<group>";
		};
		1BE00A4E2DC935C00061EAFD /* Products */ = {
			isa = PBXGroup;
			children = (
				1BE00A532DC935C00061EAFD /* Satin.framework */,
			);
			name = Products;
			sourceTree = "<group>";
		};
/* End PBXGroup section */

/* Begin PBXNativeTarget section */
		1BE007212DBB1FBC0061EAFD /* Fabric */ = {
			isa = PBXNativeTarget;
			buildConfigurationList = 1BE007332DBB1FBD0061EAFD /* Build configuration list for PBXNativeTarget "Fabric" */;
			buildPhases = (
				1BE0071E2DBB1FBC0061EAFD /* Sources */,
				1BE0071F2DBB1FBC0061EAFD /* Frameworks */,
				1BE007202DBB1FBC0061EAFD /* Resources */,
				1BE00A582DC935C80061EAFD /* Embed Frameworks */,
			);
			buildRules = (
			);
			dependencies = (
				1BE00A5A2DC9364F0061EAFD /* PBXTargetDependency */,
			);
			fileSystemSynchronizedGroups = (
				1BE007242DBB1FBC0061EAFD /* Fabric */,
			);
			name = Fabric;
			packageProductDependencies = (
				1BE008E02DC1DEF80061EAFD /* AnyCodable */,
			);
			productName = Fabric;
			productReference = 1BE007222DBB1FBC0061EAFD /* Fabric.app */;
			productType = "com.apple.product-type.application";
		};
/* End PBXNativeTarget section */

/* Begin PBXProject section */
		1BE0071A2DBB1FBC0061EAFD /* Project object */ = {
			isa = PBXProject;
			attributes = {
				BuildIndependentTargetsInParallel = 1;
				LastSwiftUpdateCheck = 1600;
				LastUpgradeCheck = 1600;
				TargetAttributes = {
					1BE007212DBB1FBC0061EAFD = {
						CreatedOnToolsVersion = 16.0;
						LastSwiftMigration = 1600;
					};
				};
			};
			buildConfigurationList = 1BE0071D2DBB1FBC0061EAFD /* Build configuration list for PBXProject "Fabric" */;
			developmentRegion = en;
			hasScannedForEncodings = 0;
			knownRegions = (
				en,
				Base,
			);
			mainGroup = 1BE007192DBB1FBC0061EAFD;
			minimizedProjectReferenceProxies = 1;
			packageReferences = (
				1BE008DF2DC1DEF80061EAFD /* XCLocalSwiftPackageReference "../AnyCodable" */,
			);
			preferredProjectObjectVersion = 77;
			productRefGroup = 1BE007232DBB1FBC0061EAFD /* Products */;
			projectDirPath = "";
			projectReferences = (
				{
					ProductGroup = 1BE00A4E2DC935C00061EAFD /* Products */;
					ProjectRef = 1BE009A92DC935A50061EAFD /* Satin.xcodeproj */;
				},
			);
			projectRoot = "";
			targets = (
				1BE007212DBB1FBC0061EAFD /* Fabric */,
			);
		};
/* End PBXProject section */

/* Begin PBXReferenceProxy section */
		1BE00A532DC935C00061EAFD /* Satin.framework */ = {
			isa = PBXReferenceProxy;
			fileType = wrapper.framework;
			path = Satin.framework;
			remoteRef = 1BE00A522DC935C00061EAFD /* PBXContainerItemProxy */;
			sourceTree = BUILT_PRODUCTS_DIR;
		};
/* End PBXReferenceProxy section */

/* Begin PBXResourcesBuildPhase section */
		1BE007202DBB1FBC0061EAFD /* Resources */ = {
			isa = PBXResourcesBuildPhase;
			buildActionMask = 2147483647;
			files = (
			);
			runOnlyForDeploymentPostprocessing = 0;
		};
/* End PBXResourcesBuildPhase section */

/* Begin PBXSourcesBuildPhase section */
		1BE0071E2DBB1FBC0061EAFD /* Sources */ = {
			isa = PBXSourcesBuildPhase;
			buildActionMask = 2147483647;
			files = (
			);
			runOnlyForDeploymentPostprocessing = 0;
		};
/* End PBXSourcesBuildPhase section */

/* Begin PBXTargetDependency section */
		1BE00A5A2DC9364F0061EAFD /* PBXTargetDependency */ = {
			isa = PBXTargetDependency;
			name = Satin;
			targetProxy = 1BE00A592DC9364F0061EAFD /* PBXContainerItemProxy */;
		};
/* End PBXTargetDependency section */

/* Begin XCBuildConfiguration section */
		1BE007342DBB1FBD0061EAFD /* Debug */ = {
			isa = XCBuildConfiguration;
			buildSettings = {
				ASSETCATALOG_COMPILER_APPICON_NAME = AppIcon;
				ASSETCATALOG_COMPILER_GLOBAL_ACCENT_COLOR_NAME = AccentColor;
				CLANG_CXX_LANGUAGE_STANDARD = "gnu++20";
				CLANG_ENABLE_MODULES = NO;
				CODE_SIGN_ENTITLEMENTS = Fabric/Fabric.entitlements;
				CODE_SIGN_STYLE = Automatic;
				COMBINE_HIDPI_IMAGES = YES;
				CURRENT_PROJECT_VERSION = 1;
				DEBUG_VIEW = TRUE;
				DEVELOPMENT_ASSET_PATHS = "\"Fabric/Preview Content\"";
				ENABLE_PREVIEWS = YES;
				GENERATE_INFOPLIST_FILE = YES;
				INFOPLIST_FILE = Fabric/Info.plist;
				INFOPLIST_KEY_NSHumanReadableCopyright = "";
				LD_RUNPATH_SEARCH_PATHS = (
					"$(inherited)",
					"@executable_path/../Frameworks",
				);
				MARKETING_VERSION = 1.0;
				PRODUCT_BUNDLE_IDENTIFIER = "io.hi-rez.Fabric";
				PRODUCT_NAME = "$(TARGET_NAME)";
				SWIFT_EMIT_LOC_STRINGS = YES;
				SWIFT_OBJC_BRIDGING_HEADER = "Fabric/Fabric-Bridging-Header.h";
				SWIFT_OPTIMIZATION_LEVEL = "-Onone";
				SWIFT_VERSION = 5.0;
			};
			name = Debug;
		};
		1BE007352DBB1FBD0061EAFD /* Release */ = {
			isa = XCBuildConfiguration;
			buildSettings = {
				ASSETCATALOG_COMPILER_APPICON_NAME = AppIcon;
				ASSETCATALOG_COMPILER_GLOBAL_ACCENT_COLOR_NAME = AccentColor;
				CLANG_CXX_LANGUAGE_STANDARD = "gnu++20";
				CLANG_ENABLE_MODULES = NO;
				CODE_SIGN_ENTITLEMENTS = Fabric/Fabric.entitlements;
				CODE_SIGN_STYLE = Automatic;
				COMBINE_HIDPI_IMAGES = YES;
				CURRENT_PROJECT_VERSION = 1;
				DEBUG_VIEW = TRUE;
				DEVELOPMENT_ASSET_PATHS = "\"Fabric/Preview Content\"";
				ENABLE_PREVIEWS = YES;
				GENERATE_INFOPLIST_FILE = YES;
				INFOPLIST_FILE = Fabric/Info.plist;
				INFOPLIST_KEY_NSHumanReadableCopyright = "";
				LD_RUNPATH_SEARCH_PATHS = (
					"$(inherited)",
					"@executable_path/../Frameworks",
				);
				MARKETING_VERSION = 1.0;
				PRODUCT_BUNDLE_IDENTIFIER = "io.hi-rez.Fabric";
				PRODUCT_NAME = "$(TARGET_NAME)";
				SWIFT_EMIT_LOC_STRINGS = YES;
				SWIFT_OBJC_BRIDGING_HEADER = "Fabric/Fabric-Bridging-Header.h";
				SWIFT_VERSION = 5.0;
			};
			name = Release;
		};
		1BE007362DBB1FBD0061EAFD /* Debug */ = {
			isa = XCBuildConfiguration;
			buildSettings = {
				ALWAYS_SEARCH_USER_PATHS = NO;
				ASSETCATALOG_COMPILER_GENERATE_SWIFT_ASSET_SYMBOL_EXTENSIONS = YES;
				CLANG_ANALYZER_NONNULL = YES;
				CLANG_ANALYZER_NUMBER_OBJECT_CONVERSION = YES_AGGRESSIVE;
				CLANG_CXX_LANGUAGE_STANDARD = "gnu++20";
				CLANG_ENABLE_MODULES = YES;
				CLANG_ENABLE_OBJC_ARC = YES;
				CLANG_ENABLE_OBJC_WEAK = YES;
				CLANG_WARN_BLOCK_CAPTURE_AUTORELEASING = YES;
				CLANG_WARN_BOOL_CONVERSION = YES;
				CLANG_WARN_COMMA = YES;
				CLANG_WARN_CONSTANT_CONVERSION = YES;
				CLANG_WARN_DEPRECATED_OBJC_IMPLEMENTATIONS = YES;
				CLANG_WARN_DIRECT_OBJC_ISA_USAGE = YES_ERROR;
				CLANG_WARN_DOCUMENTATION_COMMENTS = YES;
				CLANG_WARN_EMPTY_BODY = YES;
				CLANG_WARN_ENUM_CONVERSION = YES;
				CLANG_WARN_INFINITE_RECURSION = YES;
				CLANG_WARN_INT_CONVERSION = YES;
				CLANG_WARN_NON_LITERAL_NULL_CONVERSION = YES;
				CLANG_WARN_OBJC_IMPLICIT_RETAIN_SELF = YES;
				CLANG_WARN_OBJC_LITERAL_CONVERSION = YES;
				CLANG_WARN_OBJC_ROOT_CLASS = YES_ERROR;
				CLANG_WARN_QUOTED_INCLUDE_IN_FRAMEWORK_HEADER = YES;
				CLANG_WARN_RANGE_LOOP_ANALYSIS = YES;
				CLANG_WARN_STRICT_PROTOTYPES = YES;
				CLANG_WARN_SUSPICIOUS_MOVE = YES;
				CLANG_WARN_UNGUARDED_AVAILABILITY = YES_AGGRESSIVE;
				CLANG_WARN_UNREACHABLE_CODE = YES;
				CLANG_WARN__DUPLICATE_METHOD_MATCH = YES;
				COPY_PHASE_STRIP = NO;
				DEBUG_INFORMATION_FORMAT = dwarf;
				ENABLE_STRICT_OBJC_MSGSEND = YES;
				ENABLE_TESTABILITY = YES;
				ENABLE_USER_SCRIPT_SANDBOXING = YES;
				GCC_C_LANGUAGE_STANDARD = gnu17;
				GCC_DYNAMIC_NO_PIC = NO;
				GCC_NO_COMMON_BLOCKS = YES;
				GCC_OPTIMIZATION_LEVEL = 0;
				GCC_PREPROCESSOR_DEFINITIONS = (
					"DEBUG=1",
					"$(inherited)",
				);
				GCC_WARN_64_TO_32_BIT_CONVERSION = YES;
				GCC_WARN_ABOUT_RETURN_TYPE = YES_ERROR;
				GCC_WARN_UNDECLARED_SELECTOR = YES;
				GCC_WARN_UNINITIALIZED_AUTOS = YES_AGGRESSIVE;
				GCC_WARN_UNUSED_FUNCTION = YES;
				GCC_WARN_UNUSED_VARIABLE = YES;
				LOCALIZATION_PREFERS_STRING_CATALOGS = YES;
				MACOSX_DEPLOYMENT_TARGET = 15.0;
				MTL_ENABLE_DEBUG_INFO = INCLUDE_SOURCE;
				MTL_FAST_MATH = YES;
				ONLY_ACTIVE_ARCH = YES;
				SDKROOT = macosx;
				SWIFT_ACTIVE_COMPILATION_CONDITIONS = "DEBUG $(inherited)";
				SWIFT_OPTIMIZATION_LEVEL = "-Onone";
			};
			name = Debug;
		};
		1BE007372DBB1FBD0061EAFD /* Release */ = {
			isa = XCBuildConfiguration;
			buildSettings = {
				ALWAYS_SEARCH_USER_PATHS = NO;
				ASSETCATALOG_COMPILER_GENERATE_SWIFT_ASSET_SYMBOL_EXTENSIONS = YES;
				CLANG_ANALYZER_NONNULL = YES;
				CLANG_ANALYZER_NUMBER_OBJECT_CONVERSION = YES_AGGRESSIVE;
				CLANG_CXX_LANGUAGE_STANDARD = "gnu++20";
				CLANG_ENABLE_MODULES = YES;
				CLANG_ENABLE_OBJC_ARC = YES;
				CLANG_ENABLE_OBJC_WEAK = YES;
				CLANG_WARN_BLOCK_CAPTURE_AUTORELEASING = YES;
				CLANG_WARN_BOOL_CONVERSION = YES;
				CLANG_WARN_COMMA = YES;
				CLANG_WARN_CONSTANT_CONVERSION = YES;
				CLANG_WARN_DEPRECATED_OBJC_IMPLEMENTATIONS = YES;
				CLANG_WARN_DIRECT_OBJC_ISA_USAGE = YES_ERROR;
				CLANG_WARN_DOCUMENTATION_COMMENTS = YES;
				CLANG_WARN_EMPTY_BODY = YES;
				CLANG_WARN_ENUM_CONVERSION = YES;
				CLANG_WARN_INFINITE_RECURSION = YES;
				CLANG_WARN_INT_CONVERSION = YES;
				CLANG_WARN_NON_LITERAL_NULL_CONVERSION = YES;
				CLANG_WARN_OBJC_IMPLICIT_RETAIN_SELF = YES;
				CLANG_WARN_OBJC_LITERAL_CONVERSION = YES;
				CLANG_WARN_OBJC_ROOT_CLASS = YES_ERROR;
				CLANG_WARN_QUOTED_INCLUDE_IN_FRAMEWORK_HEADER = YES;
				CLANG_WARN_RANGE_LOOP_ANALYSIS = YES;
				CLANG_WARN_STRICT_PROTOTYPES = YES;
				CLANG_WARN_SUSPICIOUS_MOVE = YES;
				CLANG_WARN_UNGUARDED_AVAILABILITY = YES_AGGRESSIVE;
				CLANG_WARN_UNREACHABLE_CODE = YES;
				CLANG_WARN__DUPLICATE_METHOD_MATCH = YES;
				COPY_PHASE_STRIP = NO;
				DEBUG_INFORMATION_FORMAT = "dwarf-with-dsym";
				ENABLE_NS_ASSERTIONS = NO;
				ENABLE_STRICT_OBJC_MSGSEND = YES;
				ENABLE_USER_SCRIPT_SANDBOXING = YES;
				GCC_C_LANGUAGE_STANDARD = gnu17;
				GCC_NO_COMMON_BLOCKS = YES;
				GCC_WARN_64_TO_32_BIT_CONVERSION = YES;
				GCC_WARN_ABOUT_RETURN_TYPE = YES_ERROR;
				GCC_WARN_UNDECLARED_SELECTOR = YES;
				GCC_WARN_UNINITIALIZED_AUTOS = YES_AGGRESSIVE;
				GCC_WARN_UNUSED_FUNCTION = YES;
				GCC_WARN_UNUSED_VARIABLE = YES;
				LOCALIZATION_PREFERS_STRING_CATALOGS = YES;
				MACOSX_DEPLOYMENT_TARGET = 15.0;
				MTL_ENABLE_DEBUG_INFO = NO;
				MTL_FAST_MATH = YES;
				SDKROOT = macosx;
				SWIFT_COMPILATION_MODE = wholemodule;
			};
			name = Release;
		};
/* End XCBuildConfiguration section */

/* Begin XCConfigurationList section */
		1BE0071D2DBB1FBC0061EAFD /* Build configuration list for PBXProject "Fabric" */ = {
			isa = XCConfigurationList;
			buildConfigurations = (
				1BE007362DBB1FBD0061EAFD /* Debug */,
				1BE007372DBB1FBD0061EAFD /* Release */,
			);
			defaultConfigurationIsVisible = 0;
			defaultConfigurationName = Release;
		};
		1BE007332DBB1FBD0061EAFD /* Build configuration list for PBXNativeTarget "Fabric" */ = {
			isa = XCConfigurationList;
			buildConfigurations = (
				1BE007342DBB1FBD0061EAFD /* Debug */,
				1BE007352DBB1FBD0061EAFD /* Release */,
			);
			defaultConfigurationIsVisible = 0;
			defaultConfigurationName = Release;
		};
/* End XCConfigurationList section */

/* Begin XCLocalSwiftPackageReference section */
		1BE008DF2DC1DEF80061EAFD /* XCLocalSwiftPackageReference "../AnyCodable" */ = {
			isa = XCLocalSwiftPackageReference;
			relativePath = ../AnyCodable;
		};
/* End XCLocalSwiftPackageReference section */

/* Begin XCSwiftPackageProductDependency section */
		1BE008E02DC1DEF80061EAFD /* AnyCodable */ = {
			isa = XCSwiftPackageProductDependency;
			productName = AnyCodable;
		};
/* End XCSwiftPackageProductDependency section */
	};
	rootObject = 1BE0071A2DBB1FBC0061EAFD /* Project object */;
}
