{
  "originHash" : "7f68c930ba793fe7dc226ca31cbd895d48dcf160f6c4eded53d7c21e1927ab3d",
  "pins" : [
    {
      "identity" : "anycodable",
      "kind" : "remoteSourceControl",
      "location" : "https://github.com/Flight-School/AnyCodable",
      "state" : {
        "revision" : "862808b2070cd908cb04f9aafe7de83d35f81b05",
        "version" : "0.6.7"
      }
    },
    {
      "identity" : "swift-hash",
      "kind" : "remoteSourceControl",
      "location" : "https://github.com/tayloraswift/swift-hash",
      "state" : {
        "revision" : "ea0b9fc3152ed5941dd82e4a01e65f99fe1a75d2",
        "version" : "0.7.1"
      }
    },
    {
      "identity" : "swift-noise",
      "kind" : "remoteSourceControl",
      "location" : "https://github.com/tayloraswift/swift-noise",
      "state" : {
        "revision" : "8e35a914d28e4123a749955de19e275488343751",
        "version" : "1.1.0"
      }
    },
    {
      "identity" : "swift-png",
      "kind" : "remoteSourceControl",
      "location" : "https://github.com/tayloraswift/swift-png",
      "state" : {
        "revision" : "d444d98aa32f022bf4a8e74b5a697c7ee856a6ad",
        "version" : "4.4.9"
      }
    }
  ],
  "version" : 3
}
