{
  "originHash" : "5a592c1940da1350a1f90180b2b3d5594b1f8a8e2b9a24fac5de152d862d541f",
  "pins" : [
    {
      "identity" : "anycodable",
      "kind" : "remoteSourceControl",
      "location" : "https://github.com/Flight-School/AnyCodable",
      "state" : {
        "revision" : "862808b2070cd908cb04f9aafe7de83d35f81b05",
        "version" : "0.6.7"
      }
    },
    {
      "identity" : "mlx-swift",
      "kind" : "remoteSourceControl",
      "location" : "https://github.com/ml-explore/mlx-swift",
      "state" : {
        "revision" : "072b684acaae80b6a463abab3a103732f33774bf",
        "version" : "0.29.1"
      }
    },
    {
      "identity" : "sparkle",
      "kind" : "remoteSourceControl",
      "location" : "https://github.com/sparkle-project/Sparkle",
      "state" : {
        "revision" : "9a1d2a19d3595fcf8d9c447173f9a1687b3dcadb",
        "version" : "2.8.0"
      }
    },
    {
      "identity" : "swift-hash",
      "kind" : "remoteSourceControl",
      "location" : "https://github.com/tayloraswift/swift-hash",
      "state" : {
        "revision" : "ea0b9fc3152ed5941dd82e4a01e65f99fe1a75d2",
        "version" : "0.7.1"
      }
    },
    {
      "identity" : "swift-noise",
      "kind" : "remoteSourceControl",
      "location" : "https://github.com/tayloraswift/swift-noise",
      "state" : {
        "revision" : "8e35a914d28e4123a749955de19e275488343751",
        "version" : "1.1.0"
      }
    },
    {
      "identity" : "swift-numerics",
      "kind" : "remoteSourceControl",
      "location" : "https://github.com/apple/swift-numerics",
      "state" : {
        "revision" : "0c0290ff6b24942dadb83a929ffaaa1481df04a2",
        "version" : "1.1.1"
      }
    },
    {
      "identity" : "swift-png",
      "kind" : "remoteSourceControl",
      "location" : "https://github.com/tayloraswift/swift-png",
      "state" : {
        "revision" : "d444d98aa32f022bf4a8e74b5a697c7ee856a6ad",
        "version" : "4.4.9"
      }
    },
    {
      "identity" : "swiftsimplify",
      "kind" : "remoteSourceControl",
      "location" : "https://github.com/vade/SwiftSimplify",
      "state" : {
        "branch" : "master",
        "revision" : "1308781a5a8fdbe9511c8bf7649e7d5dd02a86ef"
      }
    }
  ],
  "version" : 3
}
